
Microsoft Visual Studio Solution File, Format Version 12.00
# Visual Studio Version 16
VisualStudioVersion = 16.0.30711.63
MinimumVisualStudioVersion = 10.0.40219.1
Project("{FAE04EC0-301F-11D3-BF4B-00C04F79EFBC}") = "GymApp", "GymApp\GymApp.csproj", "{DAAACB6A-D9D9-4FB4-8D34-5F48F98D8E73}"
EndProject
Global
	GlobalSection(SolutionConfigurationPlatforms) = preSolution
		Debug|Any CPU = Debug|Any CPU
		Release|Any CPU = Release|Any CPU
	EndGlobalSection
	GlobalSection(ProjectConfigurationPlatforms) = postSolution
		{DAAACB6A-D9D9-4FB4-8D34-5F48F98D8E73}.Debug|Any CPU.ActiveCfg = Debug|Any CPU
		{DAAACB6A-D9D9-4FB4-8D34-5F48F98D8E73}.Debug|Any CPU.Build.0 = Debug|Any CPU
		{DAAACB6A-D9D9-4FB4-8D34-5F48F98D8E73}.Release|Any CPU.ActiveCfg = Release|Any CPU
		{DAAACB6A-D9D9-4FB4-8D34-5F48F98D8E73}.Release|Any CPU.Build.0 = Release|Any CPU
	EndGlobalSection
	GlobalSection(SolutionProperties) = preSolution
		HideSolutionNode = FALSE
	EndGlobalSection
	GlobalSection(ExtensibilityGlobals) = postSolution
		SolutionGuid = {E14DF012-82BB-43ED-8F3F-C5302B73295C}
	EndGlobalSection
EndGlobal
